{
  "requires": true,
  "lockfileVersion": 1,
  "dependencies": {
    "@algolia/cache-browser-local-storage": {
      "version": "4.9.0",
      "resolved": "https://registry.npmjs.org/@algolia/cache-browser-local-storage/-/cache-browser-local-storage-4.9.0.tgz",
      "integrity": "sha512-H659baxPygLp1ed5Y+kko9nLhhTRtZ6v2k2cs2/WTErAd6XU+OrvTvsEedUprDYUve/t9NLg95Ka9TK8QEQk1w==",
      "requires": {
        "@algolia/cache-common": "4.9.0"
      }
    },
    "@algolia/cache-common": {
      "version": "4.9.0",
      "resolved": "https://registry.npmjs.org/@algolia/cache-common/-/cache-common-4.9.0.tgz",
      "integrity": "sha512-hBqkLEw1Y7oxEJEVmcdm/s/+KKlvCmSenlX5rrQts5qCNdhdS1QkCvHx8vgFF9J6uliP2TPs+umrrXc+aKsLPw=="
    },
    "@algolia/cache-in-memory": {
      "version": "4.9.0",
      "resolved": "https://registry.npmjs.org/@algolia/cache-in-memory/-/cache-in-memory-4.9.0.tgz",
      "integrity": "sha512-8q9z8tkIrgPenZl+aTc6MOQleLnanVy+Nsz7Uzga5r9Kb7xpqYKNI9rSJYyBzl7KRxock5v6AOUiFgi45eDnDg==",
      "requires": {
        "@algolia/cache-common": "4.9.0"
      }
    },
    "@algolia/client-account": {
      "version": "4.9.0",
      "resolved": "https://registry.npmjs.org/@algolia/client-account/-/client-account-4.9.0.tgz",
      "integrity": "sha512-u9cljyqUnlgHIKazeOA2R820pDZFReRVm3AObiGrxhdKVQ44ZOgAlN+NIqA+c19iFdpulzpkPKxU+Uavcky7JQ==",
      "requires": {
        "@algolia/client-common": "4.9.0",
        "@algolia/client-search": "4.9.0",
        "@algolia/transporter": "4.9.0"
      }
    },
    "@algolia/client-analytics": {
      "version": "4.9.0",
      "resolved": "https://registry.npmjs.org/@algolia/client-analytics/-/client-analytics-4.9.0.tgz",
      "integrity": "sha512-5TafTR/uP9X4EpDOvBK1w4cgc3JpKeokPJqD37q46AH1IGI8UO5Gy1H5LxcGmPTIMdMnuSfiYgRJsyoEO1Co0A==",
      "requires": {
        "@algolia/client-common": "4.9.0",
        "@algolia/client-search": "4.9.0",
        "@algolia/requester-common": "4.9.0",
        "@algolia/transporter": "4.9.0"
      }
    },
    "@algolia/client-common": {
      "version": "4.9.0",
      "resolved": "https://registry.npmjs.org/@algolia/client-common/-/client-common-4.9.0.tgz",
      "integrity": "sha512-Rjk4XMXi6B63jdKQwnGbKwIubB5QIgok+k67QwrgadbqVphHueJ3af3D6i3sRcKBBTmdprFAXn0zX/zaxYBhAQ==",
      "requires": {
        "@algolia/requester-common": "4.9.0",
        "@algolia/transporter": "4.9.0"
      }
    },
    "@algolia/client-recommendation": {
      "version": "4.9.0",
      "resolved": "https://registry.npmjs.org/@algolia/client-recommendation/-/client-recommendation-4.9.0.tgz",
      "integrity": "sha512-6y6uyQmmowuBqMkk4iLeBOkd1qtBpfGJ5/di0S041eHQlD0v9WxyhbZyOopn0XxopSLbQaO22u0rjEcla7KYlA==",
      "requires": {
        "@algolia/client-common": "4.9.0",
        "@algolia/requester-common": "4.9.0",
        "@algolia/transporter": "4.9.0"
      }
    },
    "@algolia/client-search": {
      "version": "4.9.0",
      "resolved": "https://registry.npmjs.org/@algolia/client-search/-/client-search-4.9.0.tgz",
      "integrity": "sha512-HFfeUJN6GPHsjfcchmksoqlBLF5gT+jRHmSait4fWtde85eGFyJVL7ubUZD9KjlEjzebmUPPIZ1ixcupaTUBnw==",
      "requires": {
        "@algolia/client-common": "4.9.0",
        "@algolia/requester-common": "4.9.0",
        "@algolia/transporter": "4.9.0"
      }
    },
    "@algolia/logger-common": {
      "version": "4.9.0",
      "resolved": "https://registry.npmjs.org/@algolia/logger-common/-/logger-common-4.9.0.tgz",
      "integrity": "sha512-OU8lzR1I8R0Qsgk+u4GOSFpEEKZkzPYZP1OXsw92gejW08k5N6kVLzfvVvgNA1KAeZPFXADdH26VBQ/2M9wF3g=="
    },
    "@algolia/logger-console": {
      "version": "4.9.0",
      "resolved": "https://registry.npmjs.org/@algolia/logger-console/-/logger-console-4.9.0.tgz",
      "integrity": "sha512-CrBU+E2iA4xXnb1rwX3G1ox9O+N+OjxnWccL75sWr1nQ/kh08TPpV7TYAvQEOFEDj8vV1kPeYEMENulbjmVZSA==",
      "requires": {
        "@algolia/logger-common": "4.9.0"
      }
    },
    "@algolia/requester-browser-xhr": {
      "version": "4.9.0",
      "resolved": "https://registry.npmjs.org/@algolia/requester-browser-xhr/-/requester-browser-xhr-4.9.0.tgz",
      "integrity": "sha512-KJESXTv4z+mDCn1C9b/azUqPTgIFVL/Y4+Eopz6YBg9Lj0C6KQrsW68w0uLJcGSw9o/qBoKcpUo4QNm4/CwrdQ==",
      "requires": {
        "@algolia/requester-common": "4.9.0"
      }
    },
    "@algolia/requester-common": {
      "version": "4.9.0",
      "resolved": "https://registry.npmjs.org/@algolia/requester-common/-/requester-common-4.9.0.tgz",
      "integrity": "sha512-8/ljy4/pnB8d4/yTaJQa2t3oKdbsVq9nDXkwhCACVum8tGYSSGpCtpBGln6M4g+QdfBSQxYILTB1wwHLFUstmg=="
    },
    "@algolia/requester-node-http": {
      "version": "4.9.0",
      "resolved": "https://registry.npmjs.org/@algolia/requester-node-http/-/requester-node-http-4.9.0.tgz",
      "integrity": "sha512-JpkjPXDCgT+Z8G8d/6hxId7+560HeCHoiDcEFr9eWR/kClAOgVwgVH1I64pmH8ucsjL7kdWbkxez7zBzPiV+Tg==",
      "requires": {
        "@algolia/requester-common": "4.9.0"
      }
    },
    "@algolia/transporter": {
      "version": "4.9.0",
      "resolved": "https://registry.npmjs.org/@algolia/transporter/-/transporter-4.9.0.tgz",
      "integrity": "sha512-GySLvXwg0DQ2LM0/W+hr9y1Co3QY1iNnhWA82gFhBrz7RWGzw47qEsh//9u/wnjl6S1WOjH+eKm5PaQATG1BXg==",
      "requires": {
        "@algolia/cache-common": "4.9.0",
        "@algolia/logger-common": "4.9.0",
        "@algolia/requester-common": "4.9.0"
      }
    },
    "algoliasearch": {
      "version": "4.9.0",
      "resolved": "https://registry.npmjs.org/algoliasearch/-/algoliasearch-4.9.0.tgz",
      "integrity": "sha512-hhlza8j/uCWGe2kSz89HlcexiLxO1wzOKLNPWivNtZeZO5J85agbcMsrKV5+xLFI4LbulP/b/4/IvswxzPrGIw==",
      "requires": {
        "@algolia/cache-browser-local-storage": "4.9.0",
        "@algolia/cache-common": "4.9.0",
        "@algolia/cache-in-memory": "4.9.0",
        "@algolia/client-account": "4.9.0",
        "@algolia/client-analytics": "4.9.0",
        "@algolia/client-common": "4.9.0",
        "@algolia/client-recommendation": "4.9.0",
        "@algolia/client-search": "4.9.0",
        "@algolia/logger-common": "4.9.0",
        "@algolia/logger-console": "4.9.0",
        "@algolia/requester-browser-xhr": "4.9.0",
        "@algolia/requester-common": "4.9.0",
        "@algolia/requester-node-http": "4.9.0",
        "@algolia/transporter": "4.9.0"
      }
    }
  }
}
